
Microsoft Visual Studio Solution File, Format Version 12.00
# Visual Studio Version 17
VisualStudioVersion = 17.4.33122.133
MinimumVisualStudioVersion = 10.0.40219.1
Project("{9A19103F-16F7-4668-BE54-9A1E7A4F7556}") = "WebApplication1", "WebApplication1\WebApplication1.csproj", "{52994BEB-A462-4B49-9E51-C732486FD4A1}"
EndProject
Project("{FAE04EC0-301F-11D3-BF4B-00C04F79EFBC}") = "WebApplication1Tests", "WebApplication1Tests\WebApplication1Tests.csproj", "{CFC28C23-8513-4BD8-8B29-15E6F9CDEEEF}"
EndProject
Global
	GlobalSection(SolutionConfigurationPlatforms) = preSolution
		Debug|Any CPU = Debug|Any CPU
		Release|Any CPU = Release|Any CPU
	EndGlobalSection
	GlobalSection(ProjectConfigurationPlatforms) = postSolution
		{52994BEB-A462-4B49-9E51-C732486FD4A1}.Debug|Any CPU.ActiveCfg = Debug|Any CPU
		{52994BEB-A462-4B49-9E51-C732486FD4A1}.Debug|Any CPU.Build.0 = Debug|Any CPU
		{52994BEB-A462-4B49-9E51-C732486FD4A1}.Release|Any CPU.ActiveCfg = Release|Any CPU
		{52994BEB-A462-4B49-9E51-C732486FD4A1}.Release|Any CPU.Build.0 = Release|Any CPU
		{CFC28C23-8513-4BD8-8B29-15E6F9CDEEEF}.Debug|Any CPU.ActiveCfg = Debug|Any CPU
		{CFC28C23-8513-4BD8-8B29-15E6F9CDEEEF}.Debug|Any CPU.Build.0 = Debug|Any CPU
		{CFC28C23-8513-4BD8-8B29-15E6F9CDEEEF}.Release|Any CPU.ActiveCfg = Release|Any CPU
		{CFC28C23-8513-4BD8-8B29-15E6F9CDEEEF}.Release|Any CPU.Build.0 = Release|Any CPU
	EndGlobalSection
	GlobalSection(SolutionProperties) = preSolution
		HideSolutionNode = FALSE
	EndGlobalSection
	GlobalSection(ExtensibilityGlobals) = postSolution
		SolutionGuid = {2EBFA0BF-5D23-48E7-A7A6-6872A9A1364C}
	EndGlobalSection
EndGlobal
